
Microsoft Visual Studio Solution File, Format Version 12.00
# Visual Studio Version 16
VisualStudioVersion = 16.0.31205.134
MinimumVisualStudioVersion = 10.0.40219.1
Project("{FAE04EC0-301F-11D3-BF4B-00C04F79EFBC}") = "ML_CL", "ML_CL\ML_CL.csproj", "{3FC31264-6844-41D0-8BFA-B0037E06A2B5}"
EndProject
Global
	GlobalSection(SolutionConfigurationPlatforms) = preSolution
		Debug|Any CPU = Debug|Any CPU
		Release|Any CPU = Release|Any CPU
	EndGlobalSection
	GlobalSection(ProjectConfigurationPlatforms) = postSolution
		{3FC31264-6844-41D0-8BFA-B0037E06A2B5}.Debug|Any CPU.ActiveCfg = Debug|Any CPU
		{3FC31264-6844-41D0-8BFA-B0037E06A2B5}.Debug|Any CPU.Build.0 = Debug|Any CPU
		{3FC31264-6844-41D0-8BFA-B0037E06A2B5}.Release|Any CPU.ActiveCfg = Release|Any CPU
		{3FC31264-6844-41D0-8BFA-B0037E06A2B5}.Release|Any CPU.Build.0 = Release|Any CPU
	EndGlobalSection
	GlobalSection(SolutionProperties) = preSolution
		HideSolutionNode = FALSE
	EndGlobalSection
	GlobalSection(ExtensibilityGlobals) = postSolution
		SolutionGuid = {AF8C9AF0-D34C-4B47-BC75-6DD445307BF6}
	EndGlobalSection
EndGlobal
